{
  "nodes": {
    "home-manager": {
      "inputs": {
        "nixpkgs": [
          "nixpkgs"
        ]
      },
      "locked": {
        "lastModified": 1712266167,
        "narHash": "sha256-gr2CBgT8t+utDqzWSp2vSjX/c39Q0BNtrWE6/cDhhEE=",
        "owner": "nix-community",
        "repo": "home-manager",
        "rev": "0c73c1b8da28a24c4fe842ced3f2548d5828b550",
        "type": "github"
      },
      "original": {
        "owner": "nix-community",
        "repo": "home-manager",
        "type": "github"
      }
    },
    "nixpkgs": {
      "locked": {
        "lastModified": 1712163089,
        "narHash": "sha256-Um+8kTIrC19vD4/lUCN9/cU9kcOsD1O1m+axJqQPyMM=",
        "owner": "nixos",
        "repo": "nixpkgs",
        "rev": "fd281bd6b7d3e32ddfa399853946f782553163b5",
        "type": "github"
      },
      "original": {
        "owner": "nixos",
        "ref": "nixos-unstable",
        "repo": "nixpkgs",
        "type": "github"
      }
    },
    "nixpkgs-stable": {
      "locked": {
        "lastModified": 1716061101,
        "narHash": "sha256-H0eCta7ahEgloGIwE/ihkyGstOGu+kQwAiHvwVoXaA0=",
        "owner": "NixOS",
        "repo": "nixpkgs",
        "rev": "e7cc61784ddf51c81487637b3031a6dd2d6673a2",
        "type": "github"
      },
      "original": {
        "owner": "NixOS",
        "ref": "release-23.11",
        "repo": "nixpkgs",
        "type": "github"
      }
    },
    "plasma-manager": {
      "inputs": {
        "home-manager": [
          "home-manager"
        ],
        "nixpkgs": [
          "nixpkgs"
        ]
      },
      "locked": {
        "lastModified": 1716145823,
        "narHash": "sha256-S2cfXdWCRf6Z+Gas6GN1kMSYqG01583uuJKITDVQp0o=",
        "owner": "pjones",
        "repo": "plasma-manager",
        "rev": "5db76cbb4d66231769cd8939472ae00c55c24a44",
        "type": "github"
      },
      "original": {
        "owner": "pjones",
        "repo": "plasma-manager",
        "type": "github"
      }
    },
    "root": {
      "inputs": {
        "home-manager": "home-manager",
        "nixpkgs": "nixpkgs",
        "plasma-manager": "plasma-manager",
        "sops-nix": "sops-nix"
      }
    },
    "sops-nix": {
      "inputs": {
        "nixpkgs": [
          "nixpkgs"
        ],
        "nixpkgs-stable": "nixpkgs-stable"
      },
      "locked": {
        "lastModified": 1716400300,
        "narHash": "sha256-0lMkIk9h3AzOHs1dCL9RXvvN4PM8VBKb+cyGsqOKa4c=",
        "owner": "Mic92",
        "repo": "sops-nix",
        "rev": "b549832718b8946e875c016a4785d204fcfc2e53",
        "type": "github"
      },
      "original": {
        "owner": "Mic92",
        "repo": "sops-nix",
        "type": "github"
      }
    }
  },
  "root": "root",
  "version": 7
}
